
Microsoft Visual Studio Solution File, Format Version 12.00
Project("{FAE04EC0-301F-11D3-BF4B-00C04F79EFBC}") = "ToolfusDll", "ToolfusDll\ToolfusDll.csproj", "{52C00EFF-1470-448C-A414-5BA1B7A70F8A}"
EndProject
Global
	GlobalSection(SolutionConfigurationPlatforms) = preSolution
		Debug|Any CPU = Debug|Any CPU
		Release|Any CPU = Release|Any CPU
	EndGlobalSection
	GlobalSection(ProjectConfigurationPlatforms) = postSolution
		{52C00EFF-1470-448C-A414-5BA1B7A70F8A}.Debug|Any CPU.ActiveCfg = Debug|Any CPU
		{52C00EFF-1470-448C-A414-5BA1B7A70F8A}.Debug|Any CPU.Build.0 = Debug|Any CPU
		{52C00EFF-1470-448C-A414-5BA1B7A70F8A}.Release|Any CPU.ActiveCfg = Release|Any CPU
		{52C00EFF-1470-448C-A414-5BA1B7A70F8A}.Release|Any CPU.Build.0 = Release|Any CPU
	EndGlobalSection
EndGlobal
